
Microsoft Visual Studio Solution File, Format Version 12.00
# Visual Studio Version 17
VisualStudioVersion = 17.11.32719.202
MinimumVisualStudioVersion = 10.0.40219.1
Project("{FAE04EC0-301F-11D3-BF4B-00C04F79EFBC}") = "ContentOS.Domain", "src\ContentOS.Domain\ContentOS.Domain.csproj", "{925D0F27-0F75-4D0A-A58E-97700E5B52C8}"
EndProject
Project("{FAE04EC0-301F-11D3-BF4B-00C04F79EFBC}") = "ContentOS.Application", "src\ContentOS.Application\ContentOS.Application.csproj", "{8B02F8B8-7A66-45A1-9A3F-8C0C8E11A92B}"
EndProject
Project("{FAE04EC0-301F-11D3-BF4B-00C04F79EFBC}") = "ContentOS.Infrastructure", "src\ContentOS.Infrastructure\ContentOS.Infrastructure.csproj", "{3E3C447B-0F0B-4A6A-9E3E-3A2C4B7D8F1A}"
EndProject
Project("{FAE04EC0-301F-11D3-BF4B-00C04F79EFBC}") = "ContentOS.Api", "src\ContentOS.Api\ContentOS.Api.csproj", "{5F4A3C2D-1B9E-4F7A-8C2D-3E4F5A6B7C8D}"
EndProject
Project("{2150E333-8FDC-42A3-9474-1A3956D46DE8}") = "src", "src", "{827E0CD3-B72D-47B6-A68D-7590B98EB39B}"
EndProject
Project("{FAE04EC0-301F-11D3-BF4B-00C04F79EFBC}") = "ContentOS.AppHost", "src\ContentOS.AppHost\ContentOS.AppHost.csproj", "{C80E0F4E-6A4F-4CAF-BBBF-3DB46795AF8F}"
EndProject
Project("{2150E333-8FDC-42A3-9474-1A3956D46DE8}") = "tests", "tests", "{0AB3BF05-4346-4AA6-1389-037BE0695223}"
EndProject
Project("{FAE04EC0-301F-11D3-BF4B-00C04F79EFBC}") = "ContentOS.Infrastructure.Tests", "tests\ContentOS.Infrastructure.Tests\ContentOS.Infrastructure.Tests.csproj", "{4B0116F4-56CE-40E6-977E-0B6BBA7B4C4E}"
EndProject
Project("{FAE04EC0-301F-11D3-BF4B-00C04F79EFBC}") = "ContentOS.Web", "src\ContentOS.Web\ContentOS.Web.csproj", "{E14F76E6-A3EA-4164-A5A6-C00F85A0C4DB}"
EndProject
Project("{FAE04EC0-301F-11D3-BF4B-00C04F79EFBC}") = "ContentOS.ServiceDefaults", "src\ContentOS.ServiceDefaults\ContentOS.ServiceDefaults.csproj", "{A0A89453-001D-404F-A6B2-BC2991906613}"
EndProject
Project("{FAE04EC0-301F-11D3-BF4B-00C04F79EFBC}") = "ContentOS.Api.Tests", "tests\ContentOS.Api.Tests\ContentOS.Api.Tests.csproj", "{0D6C6EED-18B1-42BC-994C-0DB9F15F91C4}"
EndProject
Project("{FAE04EC0-301F-11D3-BF4B-00C04F79EFBC}") = "ContentOS.Application.Tests", "tests\ContentOS.Application.Tests\ContentOS.Application.Tests.csproj", "{5B53BB2B-E6D7-4DDD-8CB6-11DA308FB858}"
EndProject
Project("{FAE04EC0-301F-11D3-BF4B-00C04F79EFBC}") = "ContentOS.Domain.Tests", "tests\ContentOS.Domain.Tests\ContentOS.Domain.Tests.csproj", "{360EB43C-4FF6-4003-B70C-F124514BDD26}"
EndProject
Global
	GlobalSection(SolutionConfigurationPlatforms) = preSolution
		Debug|Any CPU = Debug|Any CPU
		Debug|x64 = Debug|x64
		Debug|x86 = Debug|x86
		Release|Any CPU = Release|Any CPU
		Release|x64 = Release|x64
		Release|x86 = Release|x86
	EndGlobalSection
	GlobalSection(ProjectConfigurationPlatforms) = postSolution
		{925D0F27-0F75-4D0A-A58E-97700E5B52C8}.Debug|x64.ActiveCfg = Debug|Any CPU
		{925D0F27-0F75-4D0A-A58E-97700E5B52C8}.Debug|x64.Build.0 = Debug|Any CPU
		{925D0F27-0F75-4D0A-A58E-97700E5B52C8}.Debug|x86.ActiveCfg = Debug|Any CPU
		{925D0F27-0F75-4D0A-A58E-97700E5B52C8}.Debug|x86.Build.0 = Debug|Any CPU
		{925D0F27-0F75-4D0A-A58E-97700E5B52C8}.Release|x64.ActiveCfg = Release|Any CPU
		{925D0F27-0F75-4D0A-A58E-97700E5B52C8}.Release|x64.Build.0 = Release|Any CPU
		{925D0F27-0F75-4D0A-A58E-97700E5B52C8}.Release|x86.ActiveCfg = Release|Any CPU
		{925D0F27-0F75-4D0A-A58E-97700E5B52C8}.Release|x86.Build.0 = Release|Any CPU
		{8B02F8B8-7A66-45A1-9A3F-8C0C8E11A92B}.Debug|x64.ActiveCfg = Debug|Any CPU
		{8B02F8B8-7A66-45A1-9A3F-8C0C8E11A92B}.Debug|x64.Build.0 = Debug|Any CPU
		{8B02F8B8-7A66-45A1-9A3F-8C0C8E11A92B}.Debug|x86.ActiveCfg = Debug|Any CPU
		{8B02F8B8-7A66-45A1-9A3F-8C0C8E11A92B}.Debug|x86.Build.0 = Debug|Any CPU
		{8B02F8B8-7A66-45A1-9A3F-8C0C8E11A92B}.Release|x64.ActiveCfg = Release|Any CPU
		{8B02F8B8-7A66-45A1-9A3F-8C0C8E11A92B}.Release|x64.Build.0 = Release|Any CPU
		{8B02F8B8-7A66-45A1-9A3F-8C0C8E11A92B}.Release|x86.ActiveCfg = Release|Any CPU
		{8B02F8B8-7A66-45A1-9A3F-8C0C8E11A92B}.Release|x86.Build.0 = Release|Any CPU
		{3E3C447B-0F0B-4A6A-9E3E-3A2C4B7D8F1A}.Debug|x64.ActiveCfg = Debug|Any CPU
		{3E3C447B-0F0B-4A6A-9E3E-3A2C4B7D8F1A}.Debug|x64.Build.0 = Debug|Any CPU
		{3E3C447B-0F0B-4A6A-9E3E-3A2C4B7D8F1A}.Debug|x86.ActiveCfg = Debug|Any CPU
		{3E3C447B-0F0B-4A6A-9E3E-3A2C4B7D8F1A}.Debug|x86.Build.0 = Debug|Any CPU
		{3E3C447B-0F0B-4A6A-9E3E-3A2C4B7D8F1A}.Release|x64.ActiveCfg = Release|Any CPU
		{3E3C447B-0F0B-4A6A-9E3E-3A2C4B7D8F1A}.Release|x64.Build.0 = Release|Any CPU
		{3E3C447B-0F0B-4A6A-9E3E-3A2C4B7D8F1A}.Release|x86.ActiveCfg = Release|Any CPU
		{3E3C447B-0F0B-4A6A-9E3E-3A2C4B7D8F1A}.Release|x86.Build.0 = Release|Any CPU
		{5F4A3C2D-1B9E-4F7A-8C2D-3E4F5A6B7C8D}.Debug|x64.ActiveCfg = Debug|Any CPU
		{5F4A3C2D-1B9E-4F7A-8C2D-3E4F5A6B7C8D}.Debug|x64.Build.0 = Debug|Any CPU
		{5F4A3C2D-1B9E-4F7A-8C2D-3E4F5A6B7C8D}.Debug|x86.ActiveCfg = Debug|Any CPU
		{5F4A3C2D-1B9E-4F7A-8C2D-3E4F5A6B7C8D}.Debug|x86.Build.0 = Debug|Any CPU
		{5F4A3C2D-1B9E-4F7A-8C2D-3E4F5A6B7C8D}.Release|x64.ActiveCfg = Release|Any CPU
		{5F4A3C2D-1B9E-4F7A-8C2D-3E4F5A6B7C8D}.Release|x64.Build.0 = Release|Any CPU
		{5F4A3C2D-1B9E-4F7A-8C2D-3E4F5A6B7C8D}.Release|x86.ActiveCfg = Release|Any CPU
		{5F4A3C2D-1B9E-4F7A-8C2D-3E4F5A6B7C8D}.Release|x86.Build.0 = Release|Any CPU
		{C80E0F4E-6A4F-4CAF-BBBF-3DB46795AF8F}.Debug|Any CPU.ActiveCfg = Debug|Any CPU
		{C80E0F4E-6A4F-4CAF-BBBF-3DB46795AF8F}.Debug|Any CPU.Build.0 = Debug|Any CPU
		{C80E0F4E-6A4F-4CAF-BBBF-3DB46795AF8F}.Debug|x64.ActiveCfg = Debug|Any CPU
		{C80E0F4E-6A4F-4CAF-BBBF-3DB46795AF8F}.Debug|x64.Build.0 = Debug|Any CPU
		{C80E0F4E-6A4F-4CAF-BBBF-3DB46795AF8F}.Debug|x86.ActiveCfg = Debug|Any CPU
		{C80E0F4E-6A4F-4CAF-BBBF-3DB46795AF8F}.Debug|x86.Build.0 = Debug|Any CPU
		{C80E0F4E-6A4F-4CAF-BBBF-3DB46795AF8F}.Release|Any CPU.ActiveCfg = Release|Any CPU
		{C80E0F4E-6A4F-4CAF-BBBF-3DB46795AF8F}.Release|Any CPU.Build.0 = Release|Any CPU
		{C80E0F4E-6A4F-4CAF-BBBF-3DB46795AF8F}.Release|x64.ActiveCfg = Release|Any CPU
		{C80E0F4E-6A4F-4CAF-BBBF-3DB46795AF8F}.Release|x64.Build.0 = Release|Any CPU
		{C80E0F4E-6A4F-4CAF-BBBF-3DB46795AF8F}.Release|x86.ActiveCfg = Release|Any CPU
		{C80E0F4E-6A4F-4CAF-BBBF-3DB46795AF8F}.Release|x86.Build.0 = Release|Any CPU
		{4B0116F4-56CE-40E6-977E-0B6BBA7B4C4E}.Debug|Any CPU.ActiveCfg = Debug|Any CPU
		{4B0116F4-56CE-40E6-977E-0B6BBA7B4C4E}.Debug|Any CPU.Build.0 = Debug|Any CPU
		{4B0116F4-56CE-40E6-977E-0B6BBA7B4C4E}.Debug|x64.ActiveCfg = Debug|Any CPU
		{4B0116F4-56CE-40E6-977E-0B6BBA7B4C4E}.Debug|x64.Build.0 = Debug|Any CPU
		{4B0116F4-56CE-40E6-977E-0B6BBA7B4C4E}.Debug|x86.ActiveCfg = Debug|Any CPU
		{4B0116F4-56CE-40E6-977E-0B6BBA7B4C4E}.Debug|x86.Build.0 = Debug|Any CPU
		{4B0116F4-56CE-40E6-977E-0B6BBA7B4C4E}.Release|Any CPU.ActiveCfg = Release|Any CPU
		{4B0116F4-56CE-40E6-977E-0B6BBA7B4C4E}.Release|Any CPU.Build.0 = Release|Any CPU
		{4B0116F4-56CE-40E6-977E-0B6BBA7B4C4E}.Release|x64.ActiveCfg = Release|Any CPU
		{4B0116F4-56CE-40E6-977E-0B6BBA7B4C4E}.Release|x64.Build.0 = Release|Any CPU
		{4B0116F4-56CE-40E6-977E-0B6BBA7B4C4E}.Release|x86.ActiveCfg = Release|Any CPU
		{4B0116F4-56CE-40E6-977E-0B6BBA7B4C4E}.Release|x86.Build.0 = Release|Any CPU
		{E14F76E6-A3EA-4164-A5A6-C00F85A0C4DB}.Debug|Any CPU.ActiveCfg = Debug|Any CPU
		{E14F76E6-A3EA-4164-A5A6-C00F85A0C4DB}.Debug|Any CPU.Build.0 = Debug|Any CPU
		{E14F76E6-A3EA-4164-A5A6-C00F85A0C4DB}.Debug|x64.ActiveCfg = Debug|Any CPU
		{E14F76E6-A3EA-4164-A5A6-C00F85A0C4DB}.Debug|x64.Build.0 = Debug|Any CPU
		{E14F76E6-A3EA-4164-A5A6-C00F85A0C4DB}.Debug|x86.ActiveCfg = Debug|Any CPU
		{E14F76E6-A3EA-4164-A5A6-C00F85A0C4DB}.Debug|x86.Build.0 = Debug|Any CPU
		{E14F76E6-A3EA-4164-A5A6-C00F85A0C4DB}.Release|Any CPU.ActiveCfg = Release|Any CPU
		{E14F76E6-A3EA-4164-A5A6-C00F85A0C4DB}.Release|Any CPU.Build.0 = Release|Any CPU
		{E14F76E6-A3EA-4164-A5A6-C00F85A0C4DB}.Release|x64.ActiveCfg = Release|Any CPU
		{E14F76E6-A3EA-4164-A5A6-C00F85A0C4DB}.Release|x64.Build.0 = Release|Any CPU
		{E14F76E6-A3EA-4164-A5A6-C00F85A0C4DB}.Release|x86.ActiveCfg = Release|Any CPU
		{E14F76E6-A3EA-4164-A5A6-C00F85A0C4DB}.Release|x86.Build.0 = Release|Any CPU
		{A0A89453-001D-404F-A6B2-BC2991906613}.Debug|Any CPU.ActiveCfg = Debug|Any CPU
		{A0A89453-001D-404F-A6B2-BC2991906613}.Debug|Any CPU.Build.0 = Debug|Any CPU
		{A0A89453-001D-404F-A6B2-BC2991906613}.Debug|x64.ActiveCfg = Debug|Any CPU
		{A0A89453-001D-404F-A6B2-BC2991906613}.Debug|x64.Build.0 = Debug|Any CPU
		{A0A89453-001D-404F-A6B2-BC2991906613}.Debug|x86.ActiveCfg = Debug|Any CPU
		{A0A89453-001D-404F-A6B2-BC2991906613}.Debug|x86.Build.0 = Debug|Any CPU
		{A0A89453-001D-404F-A6B2-BC2991906613}.Release|Any CPU.ActiveCfg = Release|Any CPU
		{A0A89453-001D-404F-A6B2-BC2991906613}.Release|Any CPU.Build.0 = Release|Any CPU
		{A0A89453-001D-404F-A6B2-BC2991906613}.Release|x64.ActiveCfg = Release|Any CPU
		{A0A89453-001D-404F-A6B2-BC2991906613}.Release|x64.Build.0 = Release|Any CPU
		{A0A89453-001D-404F-A6B2-BC2991906613}.Release|x86.ActiveCfg = Release|Any CPU
		{A0A89453-001D-404F-A6B2-BC2991906613}.Release|x86.Build.0 = Release|Any CPU
		{0D6C6EED-18B1-42BC-994C-0DB9F15F91C4}.Debug|Any CPU.ActiveCfg = Debug|Any CPU
		{0D6C6EED-18B1-42BC-994C-0DB9F15F91C4}.Debug|Any CPU.Build.0 = Debug|Any CPU
		{0D6C6EED-18B1-42BC-994C-0DB9F15F91C4}.Debug|x64.ActiveCfg = Debug|Any CPU
		{0D6C6EED-18B1-42BC-994C-0DB9F15F91C4}.Debug|x64.Build.0 = Debug|Any CPU
		{0D6C6EED-18B1-42BC-994C-0DB9F15F91C4}.Debug|x86.ActiveCfg = Debug|Any CPU
		{0D6C6EED-18B1-42BC-994C-0DB9F15F91C4}.Debug|x86.Build.0 = Debug|Any CPU
		{0D6C6EED-18B1-42BC-994C-0DB9F15F91C4}.Release|Any CPU.ActiveCfg = Release|Any CPU
		{0D6C6EED-18B1-42BC-994C-0DB9F15F91C4}.Release|Any CPU.Build.0 = Release|Any CPU
		{0D6C6EED-18B1-42BC-994C-0DB9F15F91C4}.Release|x64.ActiveCfg = Release|Any CPU
		{0D6C6EED-18B1-42BC-994C-0DB9F15F91C4}.Release|x64.Build.0 = Release|Any CPU
		{0D6C6EED-18B1-42BC-994C-0DB9F15F91C4}.Release|x86.ActiveCfg = Release|Any CPU
		{0D6C6EED-18B1-42BC-994C-0DB9F15F91C4}.Release|x86.Build.0 = Release|Any CPU
		{5B53BB2B-E6D7-4DDD-8CB6-11DA308FB858}.Debug|Any CPU.ActiveCfg = Debug|Any CPU
		{5B53BB2B-E6D7-4DDD-8CB6-11DA308FB858}.Debug|Any CPU.Build.0 = Debug|Any CPU
		{5B53BB2B-E6D7-4DDD-8CB6-11DA308FB858}.Debug|x64.ActiveCfg = Debug|Any CPU
		{5B53BB2B-E6D7-4DDD-8CB6-11DA308FB858}.Debug|x64.Build.0 = Debug|Any CPU
		{5B53BB2B-E6D7-4DDD-8CB6-11DA308FB858}.Debug|x86.ActiveCfg = Debug|Any CPU
		{5B53BB2B-E6D7-4DDD-8CB6-11DA308FB858}.Debug|x86.Build.0 = Debug|Any CPU
		{5B53BB2B-E6D7-4DDD-8CB6-11DA308FB858}.Release|Any CPU.ActiveCfg = Release|Any CPU
		{5B53BB2B-E6D7-4DDD-8CB6-11DA308FB858}.Release|Any CPU.Build.0 = Release|Any CPU
		{5B53BB2B-E6D7-4DDD-8CB6-11DA308FB858}.Release|x64.ActiveCfg = Release|Any CPU
		{5B53BB2B-E6D7-4DDD-8CB6-11DA308FB858}.Release|x64.Build.0 = Release|Any CPU
		{5B53BB2B-E6D7-4DDD-8CB6-11DA308FB858}.Release|x86.ActiveCfg = Release|Any CPU
		{5B53BB2B-E6D7-4DDD-8CB6-11DA308FB858}.Release|x86.Build.0 = Release|Any CPU
		{360EB43C-4FF6-4003-B70C-F124514BDD26}.Debug|Any CPU.ActiveCfg = Debug|Any CPU
		{360EB43C-4FF6-4003-B70C-F124514BDD26}.Debug|Any CPU.Build.0 = Debug|Any CPU
		{360EB43C-4FF6-4003-B70C-F124514BDD26}.Debug|x64.ActiveCfg = Debug|Any CPU
		{360EB43C-4FF6-4003-B70C-F124514BDD26}.Debug|x64.Build.0 = Debug|Any CPU
		{360EB43C-4FF6-4003-B70C-F124514BDD26}.Debug|x86.ActiveCfg = Debug|Any CPU
		{360EB43C-4FF6-4003-B70C-F124514BDD26}.Debug|x86.Build.0 = Debug|Any CPU
		{360EB43C-4FF6-4003-B70C-F124514BDD26}.Release|Any CPU.ActiveCfg = Release|Any CPU
		{360EB43C-4FF6-4003-B70C-F124514BDD26}.Release|Any CPU.Build.0 = Release|Any CPU
		{360EB43C-4FF6-4003-B70C-F124514BDD26}.Release|x64.ActiveCfg = Release|Any CPU
		{360EB43C-4FF6-4003-B70C-F124514BDD26}.Release|x64.Build.0 = Release|Any CPU
		{360EB43C-4FF6-4003-B70C-F124514BDD26}.Release|x86.ActiveCfg = Release|Any CPU
		{360EB43C-4FF6-4003-B70C-F124514BDD26}.Release|x86.Build.0 = Release|Any CPU
	EndGlobalSection
	GlobalSection(SolutionProperties) = preSolution
		HideSolutionNode = FALSE
	EndGlobalSection
	GlobalSection(NestedProjects) = preSolution
		{C80E0F4E-6A4F-4CAF-BBBF-3DB46795AF8F} = {827E0CD3-B72D-47B6-A68D-7590B98EB39B}
		{4B0116F4-56CE-40E6-977E-0B6BBA7B4C4E} = {0AB3BF05-4346-4AA6-1389-037BE0695223}
		{E14F76E6-A3EA-4164-A5A6-C00F85A0C4DB} = {827E0CD3-B72D-47B6-A68D-7590B98EB39B}
		{A0A89453-001D-404F-A6B2-BC2991906613} = {827E0CD3-B72D-47B6-A68D-7590B98EB39B}
		{0D6C6EED-18B1-42BC-994C-0DB9F15F91C4} = {0AB3BF05-4346-4AA6-1389-037BE0695223}
		{5B53BB2B-E6D7-4DDD-8CB6-11DA308FB858} = {0AB3BF05-4346-4AA6-1389-037BE0695223}
		{360EB43C-4FF6-4003-B70C-F124514BDD26} = {0AB3BF05-4346-4AA6-1389-037BE0695223}
	EndGlobalSection
EndGlobal
